
Microsoft Visual Studio Solution File, Format Version 12.00
# Visual Studio Version 17
VisualStudioVersion = 17.5.33530.505
MinimumVisualStudioVersion = 10.0.40219.1
Project("{D2ABAB84-BF74-430A-B69E-9DC6D40DDA17}") = "SuperSale_OLAP", "SuperSale_OLAP\SuperSale_OLAP.dwproj", "{048FCECE-8034-4197-BF91-A98526F7633B}"
EndProject
Global
	GlobalSection(SolutionConfigurationPlatforms) = preSolution
		Development|Default = Development|Default
	EndGlobalSection
	GlobalSection(ProjectConfigurationPlatforms) = postSolution
		{048FCECE-8034-4197-BF91-A98526F7633B}.Development|Default.ActiveCfg = Development
		{048FCECE-8034-4197-BF91-A98526F7633B}.Development|Default.Build.0 = Development
		{048FCECE-8034-4197-BF91-A98526F7633B}.Development|Default.Deploy.0 = Development
	EndGlobalSection
	GlobalSection(SolutionProperties) = preSolution
		HideSolutionNode = FALSE
	EndGlobalSection
	GlobalSection(ExtensibilityGlobals) = postSolution
		SolutionGuid = {2AE17A32-7BB5-4648-B45C-8257B4020D5A}
	EndGlobalSection
EndGlobal
